
Microsoft Visual Studio Solution File, Format Version 12.00
# Visual Studio Version 16
VisualStudioVersion = 16.0.30611.23
MinimumVisualStudioVersion = 10.0.40219.1
Project("{FAE04EC0-301F-11D3-BF4B-00C04F79EFBC}") = "GlossaryStaticsAPP", "GlossaryStaticsAPP.csproj", "{A956EA2E-FC2F-4C66-A094-D276D1C1B410}"
EndProject
Global
	GlobalSection(SolutionConfigurationPlatforms) = preSolution
		Debug|Any CPU = Debug|Any CPU
		Release|Any CPU = Release|Any CPU
	EndGlobalSection
	GlobalSection(ProjectConfigurationPlatforms) = postSolution
		{A956EA2E-FC2F-4C66-A094-D276D1C1B410}.Debug|Any CPU.ActiveCfg = Debug|Any CPU
		{A956EA2E-FC2F-4C66-A094-D276D1C1B410}.Debug|Any CPU.Build.0 = Debug|Any CPU
		{A956EA2E-FC2F-4C66-A094-D276D1C1B410}.Release|Any CPU.ActiveCfg = Release|Any CPU
		{A956EA2E-FC2F-4C66-A094-D276D1C1B410}.Release|Any CPU.Build.0 = Release|Any CPU
	EndGlobalSection
	GlobalSection(SolutionProperties) = preSolution
		HideSolutionNode = FALSE
	EndGlobalSection
	GlobalSection(ExtensibilityGlobals) = postSolution
		SolutionGuid = {CE77FAF9-AF7C-4BC7-97D4-76DFAAB45946}
	EndGlobalSection
EndGlobal
